{
  "name": "kadastro360-web-pilot",
  "version": "1.8.8",
  "lockfileVersion": 3,
  "requires": true,
  "packages": {
    "": {
      "name": "kadastro360-web-pilot",
      "version": "1.8.8",
      "dependencies": {
        "pngjs": "^7.0.0"
      },
      "engines": {
        "node": "22.x"
      }
    },
    "node_modules/pngjs": {
      "version": "7.0.0",
      "resolved": "https://registry.npmjs.org/pngjs/-/pngjs-7.0.0.tgz",
      "integrity": "sha512-LKWqWJRhstyYo9pGvgor/ivk2w94eSjE3RGVuzLGlr3NmD8bf7RcYGze1mNdEHRP6TRP6rMuDHk5t44hnTRyow==",
      "engines": {
        "node": ">=14.19.0"
      }
    }
  }
}
